
Microsoft Visual Studio Solution File, Format Version 12.00
# Visual Studio Version 16
VisualStudioVersion = 16.0.31025.194
MinimumVisualStudioVersion = 10.0.40219.1
Project("{8BC9CEB8-8B4A-11D0-8D11-00A0C91BC942}") = "lab_7_1", "lab_7\lab_7.vcxproj", "{7057986C-1CF5-4399-BEC6-80A645338E50}"
EndProject
Project("{8BC9CEB8-8B4A-11D0-8D11-00A0C91BC942}") = "lab_7_2", "lab_7_2\lab_7_2.vcxproj", "{C1E83C38-7BF8-4A9D-B8DB-0D9FC1FCED1F}"
EndProject
Project("{8BC9CEB8-8B4A-11D0-8D11-00A0C91BC942}") = "lab_8", "lab_8\lab_8.vcxproj", "{97CEA750-AB91-419D-BFBA-7681B7E60A49}"
EndProject
Project("{8BC9CEB8-8B4A-11D0-8D11-00A0C91BC942}") = "lab_9", "lab_9\lab_9.vcxproj", "{A7786CEE-3AA5-4792-985A-1ACDB87544B6}"
EndProject
Project("{8BC9CEB8-8B4A-11D0-8D11-00A0C91BC942}") = "lab_10", "lab_10\lab_10.vcxproj", "{1C96124F-1107-4738-91E0-3F0D2C09FDB5}"
EndProject
Project("{8BC9CEB8-8B4A-11D0-8D11-00A0C91BC942}") = "lab_11", "lab_11\lab_11.vcxproj", "{B364421C-B549-4F56-9BF0-A16CB590C7C0}"
EndProject
Global
	GlobalSection(SolutionConfigurationPlatforms) = preSolution
		Debug|x64 = Debug|x64
		Debug|x86 = Debug|x86
		Release|x64 = Release|x64
		Release|x86 = Release|x86
	EndGlobalSection
	GlobalSection(ProjectConfigurationPlatforms) = postSolution
		{7057986C-1CF5-4399-BEC6-80A645338E50}.Debug|x64.ActiveCfg = Debug|x64
		{7057986C-1CF5-4399-BEC6-80A645338E50}.Debug|x64.Build.0 = Debug|x64
		{7057986C-1CF5-4399-BEC6-80A645338E50}.Debug|x86.ActiveCfg = Debug|Win32
		{7057986C-1CF5-4399-BEC6-80A645338E50}.Debug|x86.Build.0 = Debug|Win32
		{7057986C-1CF5-4399-BEC6-80A645338E50}.Release|x64.ActiveCfg = Release|x64
		{7057986C-1CF5-4399-BEC6-80A645338E50}.Release|x64.Build.0 = Release|x64
		{7057986C-1CF5-4399-BEC6-80A645338E50}.Release|x86.ActiveCfg = Release|Win32
		{7057986C-1CF5-4399-BEC6-80A645338E50}.Release|x86.Build.0 = Release|Win32
		{C1E83C38-7BF8-4A9D-B8DB-0D9FC1FCED1F}.Debug|x64.ActiveCfg = Debug|x64
		{C1E83C38-7BF8-4A9D-B8DB-0D9FC1FCED1F}.Debug|x64.Build.0 = Debug|x64
		{C1E83C38-7BF8-4A9D-B8DB-0D9FC1FCED1F}.Debug|x86.ActiveCfg = Debug|Win32
		{C1E83C38-7BF8-4A9D-B8DB-0D9FC1FCED1F}.Debug|x86.Build.0 = Debug|Win32
		{C1E83C38-7BF8-4A9D-B8DB-0D9FC1FCED1F}.Release|x64.ActiveCfg = Release|x64
		{C1E83C38-7BF8-4A9D-B8DB-0D9FC1FCED1F}.Release|x64.Build.0 = Release|x64
		{C1E83C38-7BF8-4A9D-B8DB-0D9FC1FCED1F}.Release|x86.ActiveCfg = Release|Win32
		{C1E83C38-7BF8-4A9D-B8DB-0D9FC1FCED1F}.Release|x86.Build.0 = Release|Win32
		{97CEA750-AB91-419D-BFBA-7681B7E60A49}.Debug|x64.ActiveCfg = Debug|x64
		{97CEA750-AB91-419D-BFBA-7681B7E60A49}.Debug|x64.Build.0 = Debug|x64
		{97CEA750-AB91-419D-BFBA-7681B7E60A49}.Debug|x86.ActiveCfg = Debug|Win32
		{97CEA750-AB91-419D-BFBA-7681B7E60A49}.Debug|x86.Build.0 = Debug|Win32
		{97CEA750-AB91-419D-BFBA-7681B7E60A49}.Release|x64.ActiveCfg = Release|x64
		{97CEA750-AB91-419D-BFBA-7681B7E60A49}.Release|x64.Build.0 = Release|x64
		{97CEA750-AB91-419D-BFBA-7681B7E60A49}.Release|x86.ActiveCfg = Release|Win32
		{97CEA750-AB91-419D-BFBA-7681B7E60A49}.Release|x86.Build.0 = Release|Win32
		{A7786CEE-3AA5-4792-985A-1ACDB87544B6}.Debug|x64.ActiveCfg = Debug|x64
		{A7786CEE-3AA5-4792-985A-1ACDB87544B6}.Debug|x64.Build.0 = Debug|x64
		{A7786CEE-3AA5-4792-985A-1ACDB87544B6}.Debug|x86.ActiveCfg = Debug|Win32
		{A7786CEE-3AA5-4792-985A-1ACDB87544B6}.Debug|x86.Build.0 = Debug|Win32
		{A7786CEE-3AA5-4792-985A-1ACDB87544B6}.Release|x64.ActiveCfg = Release|x64
		{A7786CEE-3AA5-4792-985A-1ACDB87544B6}.Release|x64.Build.0 = Release|x64
		{A7786CEE-3AA5-4792-985A-1ACDB87544B6}.Release|x86.ActiveCfg = Release|Win32
		{A7786CEE-3AA5-4792-985A-1ACDB87544B6}.Release|x86.Build.0 = Release|Win32
		{1C96124F-1107-4738-91E0-3F0D2C09FDB5}.Debug|x64.ActiveCfg = Debug|x64
		{1C96124F-1107-4738-91E0-3F0D2C09FDB5}.Debug|x64.Build.0 = Debug|x64
		{1C96124F-1107-4738-91E0-3F0D2C09FDB5}.Debug|x86.ActiveCfg = Debug|Win32
		{1C96124F-1107-4738-91E0-3F0D2C09FDB5}.Debug|x86.Build.0 = Debug|Win32
		{1C96124F-1107-4738-91E0-3F0D2C09FDB5}.Release|x64.ActiveCfg = Release|x64
		{1C96124F-1107-4738-91E0-3F0D2C09FDB5}.Release|x64.Build.0 = Release|x64
		{1C96124F-1107-4738-91E0-3F0D2C09FDB5}.Release|x86.ActiveCfg = Release|Win32
		{1C96124F-1107-4738-91E0-3F0D2C09FDB5}.Release|x86.Build.0 = Release|Win32
		{B364421C-B549-4F56-9BF0-A16CB590C7C0}.Debug|x64.ActiveCfg = Debug|x64
		{B364421C-B549-4F56-9BF0-A16CB590C7C0}.Debug|x64.Build.0 = Debug|x64
		{B364421C-B549-4F56-9BF0-A16CB590C7C0}.Debug|x86.ActiveCfg = Debug|Win32
		{B364421C-B549-4F56-9BF0-A16CB590C7C0}.Debug|x86.Build.0 = Debug|Win32
		{B364421C-B549-4F56-9BF0-A16CB590C7C0}.Release|x64.ActiveCfg = Release|x64
		{B364421C-B549-4F56-9BF0-A16CB590C7C0}.Release|x64.Build.0 = Release|x64
		{B364421C-B549-4F56-9BF0-A16CB590C7C0}.Release|x86.ActiveCfg = Release|Win32
		{B364421C-B549-4F56-9BF0-A16CB590C7C0}.Release|x86.Build.0 = Release|Win32
	EndGlobalSection
	GlobalSection(SolutionProperties) = preSolution
		HideSolutionNode = FALSE
	EndGlobalSection
	GlobalSection(ExtensibilityGlobals) = postSolution
		SolutionGuid = {38D03578-E353-4C3F-A189-890678C573D8}
	EndGlobalSection
EndGlobal
